# THIS IS AN AUTOGENERATED FILE. DO NOT EDIT THIS FILE DIRECTLY.
# yarn lockfile v1


"@types/vscode@^1.62.0":
  version "1.63.0"
  resolved "https://registry.yarnpkg.com/@types/vscode/-/vscode-1.63.0.tgz#3bddb5b79a93e8fcdd420bb00f7066658c79c70c"
  integrity sha512-iePu1axOi5WSThV6l2TYcciBIpAlMarjBC8H0y8L8ocsZLxh7MttzwFU3pjoItF5fRVGxHS0Hsvje9jO3yJsfw==

data-uri-to-buffer@^4.0.0:
  version "4.0.0"
  resolved "https://registry.yarnpkg.com/data-uri-to-buffer/-/data-uri-to-buffer-4.0.0.tgz#b5db46aea50f6176428ac05b73be39a57701a64b"
  integrity sha512-Vr3mLBA8qWmcuschSLAOogKgQ/Jwxulv3RNE4FXnYWRGujzrRWQI4m12fQqRkwX06C0KanhLr4hK+GydchZsaA==

fetch-blob@^3.1.2:
  version "3.1.3"
  resolved "https://registry.yarnpkg.com/fetch-blob/-/fetch-blob-3.1.3.tgz#a7dca4855e39d3e3c5a1da62d4ee335c37d26012"
  integrity sha512-ax1Y5I9w+9+JiM+wdHkhBoxew+zG4AJ2SvAD1v1szpddUIiPERVGBxrMcB2ZqW0Y3PP8bOWYv2zqQq1Jp2kqUQ==
  dependencies:
    web-streams-polyfill "^3.0.3"

flatted@^3.2.4:
  version "3.2.4"
  resolved "https://registry.yarnpkg.com/flatted/-/flatted-3.2.4.tgz#28d9969ea90661b5134259f312ab6aa7929ac5e2"
  integrity sha512-8/sOawo8tJ4QOBX8YlQBMxL8+RLZfxMQOif9o0KUKTNTjMYElWPE0r/m5VNFxTRd0NSw8qSy8dajrwX4RYI1Hw==

formdata-polyfill@^4.0.10:
  version "4.0.10"
  resolved "https://registry.yarnpkg.com/formdata-polyfill/-/formdata-polyfill-4.0.10.tgz#24807c31c9d402e002ab3d8c720144ceb8848423"
  integrity sha512-buewHzMvYL29jdeQTVILecSaZKnt/RJWjoZCF5OW60Z67/GmSLBkOFM7qh1PI3zFNtJbaZL5eQu1vLfazOwj4g==
  dependencies:
    fetch-blob "^3.1.2"

fsevents@~2.3.2:
  version "2.3.2"
  resolved "https://registry.yarnpkg.com/fsevents/-/fsevents-2.3.2.tgz#8a526f78b8fdf4623b709e0b975c52c24c02fd1a"
  integrity sha512-xiqMQR4xAeHTuB9uWm+fFRcIOgKBMiOBP+eXiyT7jsgVCq1bkVygt00oASowB7EdtpOHaaPgKt812P9ab+DDKA==

node-fetch@^3.1.0:
  version "3.1.0"
  resolved "https://registry.yarnpkg.com/node-fetch/-/node-fetch-3.1.0.tgz#714f4922dc270239487654eaeeab86b8206cb52e"
  integrity sha512-QU0WbIfMUjd5+MUzQOYhenAazakV7Irh1SGkWCsRzBwvm4fAhzEUaHMJ6QLP7gWT6WO9/oH2zhKMMGMuIrDyKw==
  dependencies:
    data-uri-to-buffer "^4.0.0"
    fetch-blob "^3.1.2"
    formdata-polyfill "^4.0.10"

rollup@^2.61.1:
  version "2.61.1"
  resolved "https://registry.yarnpkg.com/rollup/-/rollup-2.61.1.tgz#1a5491f84543cf9e4caf6c61222d9a3f8f2ba454"
  integrity sha512-BbTXlEvB8d+XFbK/7E5doIcRtxWPRiqr0eb5vQ0+2paMM04Ye4PZY5nHOQef2ix24l/L0SpLd5hwcH15QHPdvA==
  optionalDependencies:
    fsevents "~2.3.2"

typescript@^4.5.3:
  version "4.5.3"
  resolved "https://registry.yarnpkg.com/typescript/-/typescript-4.5.3.tgz#afaa858e68c7103317d89eb90c5d8906268d353c"
  integrity sha512-eVYaEHALSt+s9LbvgEv4Ef+Tdq7hBiIZgii12xXJnukryt3pMgJf6aKhoCZ3FWQsu6sydEnkg11fYXLzhLBjeQ==

web-streams-polyfill@^3.0.3:
  version "3.2.0"
  resolved "https://registry.yarnpkg.com/web-streams-polyfill/-/web-streams-polyfill-3.2.0.tgz#a6b74026b38e4885869fb5c589e90b95ccfc7965"
  integrity sha512-EqPmREeOzttaLRm5HS7io98goBgZ7IVz79aDvqjD0kYXLtFZTc0T/U6wHTPKyIjb+MdN7DFIIX6hgdBEpWmfPA==

ws@^8.3.0:
  version "8.3.0"
  resolved "https://registry.yarnpkg.com/ws/-/ws-8.3.0.tgz#7185e252c8973a60d57170175ff55fdbd116070d"
  integrity sha512-Gs5EZtpqZzLvmIM59w4igITU57lrtYVFneaa434VROv4thzJyV6UjIL3D42lslWlI+D4KzLYnxSwtfuiO79sNw==
